
Microsoft Visual Studio Solution File, Format Version 12.00
# Visual Studio Version 16
VisualStudioVersion = 16.0.28803.352
MinimumVisualStudioVersion = 10.0.40219.1
Project("{9A19103F-16F7-4668-BE54-9A1E7A4F7556}") = "TrackingWorldDemo", "TrackingWorldDemo.csproj", "{1F6F6A4F-965D-497F-B2BF-25B360149969}"
EndProject
Global
	GlobalSection(SolutionConfigurationPlatforms) = preSolution
		Debug|Any CPU = Debug|Any CPU
		Release|Any CPU = Release|Any CPU
	EndGlobalSection
	GlobalSection(ProjectConfigurationPlatforms) = postSolution
		{1F6F6A4F-965D-497F-B2BF-25B360149969}.Debug|Any CPU.ActiveCfg = Debug|Any CPU
		{1F6F6A4F-965D-497F-B2BF-25B360149969}.Debug|Any CPU.Build.0 = Debug|Any CPU
		{1F6F6A4F-965D-497F-B2BF-25B360149969}.Release|Any CPU.ActiveCfg = Release|Any CPU
		{1F6F6A4F-965D-497F-B2BF-25B360149969}.Release|Any CPU.Build.0 = Release|Any CPU
	EndGlobalSection
	GlobalSection(SolutionProperties) = preSolution
		HideSolutionNode = FALSE
	EndGlobalSection
	GlobalSection(ExtensibilityGlobals) = postSolution
		SolutionGuid = {D16EA176-2508-406B-B87C-EF1DFA715204}
	EndGlobalSection
EndGlobal
